
Microsoft Visual Studio Solution File, Format Version 12.00
# Visual Studio 15
VisualStudioVersion = 15.0.26730.16
MinimumVisualStudioVersion = 10.0.40219.1
Project("{9A19103F-16F7-4668-BE54-9A1E7A4F7556}") = "Dashboard.Data", "Dashboard.Data\Dashboard.Data.csproj", "{E069BF73-FB4B-4969-9C7D-5620D59C2B5D}"
EndProject
Project("{9A19103F-16F7-4668-BE54-9A1E7A4F7556}") = "Dashboard.Web", "Dashboard.Web\Dashboard.Web.csproj", "{715C395E-43D5-4D7E-97D2-5D147AA31CB8}"
EndProject
Project("{9A19103F-16F7-4668-BE54-9A1E7A4F7556}") = "Dashboard.IDP", "Dashboard.IDP\Dashboard.IDP.csproj", "{080B1A79-1FBA-480E-99AF-8447DF372681}"
EndProject
Project("{9A19103F-16F7-4668-BE54-9A1E7A4F7556}") = "Dashboard.Entities", "Dashboard.Entities\Dashboard.Entities.csproj", "{3BFDE734-D2DD-4A39-831F-B943B2B3C6D9}"
EndProject
Project("{9A19103F-16F7-4668-BE54-9A1E7A4F7556}") = "Dashboard.Models", "Dashboard.Models\Dashboard.Models.csproj", "{478F93B5-C9B4-45D9-86E2-0829E8F93175}"
EndProject
Project("{9A19103F-16F7-4668-BE54-9A1E7A4F7556}") = "Dashboard.APIG", "Dashboard.APIG\Dashboard.APIG.csproj", "{3C0E281B-A367-4E95-BF87-BA7371ADA27A}"
EndProject
Project("{9A19103F-16F7-4668-BE54-9A1E7A4F7556}") = "Dashboard.DataG", "Dashboard.DataG\Dashboard.DataG.csproj", "{A2BBAEF3-871C-4250-AFA8-3B16E5D195BB}"
EndProject
Project("{9A19103F-16F7-4668-BE54-9A1E7A4F7556}") = "Dashboard.EntitiesG", "Dashboard.EntitiesG\Dashboard.EntitiesG.csproj", "{D84D6DCB-F57C-4FB0-862B-EAFC78731BEF}"
EndProject
Global
	GlobalSection(SolutionConfigurationPlatforms) = preSolution
		Debug|Any CPU = Debug|Any CPU
		Release|Any CPU = Release|Any CPU
	EndGlobalSection
	GlobalSection(ProjectConfigurationPlatforms) = postSolution
		{E069BF73-FB4B-4969-9C7D-5620D59C2B5D}.Debug|Any CPU.ActiveCfg = Debug|Any CPU
		{E069BF73-FB4B-4969-9C7D-5620D59C2B5D}.Debug|Any CPU.Build.0 = Debug|Any CPU
		{E069BF73-FB4B-4969-9C7D-5620D59C2B5D}.Release|Any CPU.ActiveCfg = Release|Any CPU
		{E069BF73-FB4B-4969-9C7D-5620D59C2B5D}.Release|Any CPU.Build.0 = Release|Any CPU
		{715C395E-43D5-4D7E-97D2-5D147AA31CB8}.Debug|Any CPU.ActiveCfg = Debug|Any CPU
		{715C395E-43D5-4D7E-97D2-5D147AA31CB8}.Debug|Any CPU.Build.0 = Debug|Any CPU
		{715C395E-43D5-4D7E-97D2-5D147AA31CB8}.Release|Any CPU.ActiveCfg = Release|Any CPU
		{715C395E-43D5-4D7E-97D2-5D147AA31CB8}.Release|Any CPU.Build.0 = Release|Any CPU
		{080B1A79-1FBA-480E-99AF-8447DF372681}.Debug|Any CPU.ActiveCfg = Debug|Any CPU
		{080B1A79-1FBA-480E-99AF-8447DF372681}.Debug|Any CPU.Build.0 = Debug|Any CPU
		{080B1A79-1FBA-480E-99AF-8447DF372681}.Release|Any CPU.ActiveCfg = Release|Any CPU
		{080B1A79-1FBA-480E-99AF-8447DF372681}.Release|Any CPU.Build.0 = Release|Any CPU
		{3BFDE734-D2DD-4A39-831F-B943B2B3C6D9}.Debug|Any CPU.ActiveCfg = Debug|Any CPU
		{3BFDE734-D2DD-4A39-831F-B943B2B3C6D9}.Debug|Any CPU.Build.0 = Debug|Any CPU
		{3BFDE734-D2DD-4A39-831F-B943B2B3C6D9}.Release|Any CPU.ActiveCfg = Release|Any CPU
		{3BFDE734-D2DD-4A39-831F-B943B2B3C6D9}.Release|Any CPU.Build.0 = Release|Any CPU
		{478F93B5-C9B4-45D9-86E2-0829E8F93175}.Debug|Any CPU.ActiveCfg = Debug|Any CPU
		{478F93B5-C9B4-45D9-86E2-0829E8F93175}.Debug|Any CPU.Build.0 = Debug|Any CPU
		{478F93B5-C9B4-45D9-86E2-0829E8F93175}.Release|Any CPU.ActiveCfg = Release|Any CPU
		{478F93B5-C9B4-45D9-86E2-0829E8F93175}.Release|Any CPU.Build.0 = Release|Any CPU
		{3C0E281B-A367-4E95-BF87-BA7371ADA27A}.Debug|Any CPU.ActiveCfg = Debug|Any CPU
		{3C0E281B-A367-4E95-BF87-BA7371ADA27A}.Debug|Any CPU.Build.0 = Debug|Any CPU
		{3C0E281B-A367-4E95-BF87-BA7371ADA27A}.Release|Any CPU.ActiveCfg = Release|Any CPU
		{3C0E281B-A367-4E95-BF87-BA7371ADA27A}.Release|Any CPU.Build.0 = Release|Any CPU
		{A2BBAEF3-871C-4250-AFA8-3B16E5D195BB}.Debug|Any CPU.ActiveCfg = Debug|Any CPU
		{A2BBAEF3-871C-4250-AFA8-3B16E5D195BB}.Debug|Any CPU.Build.0 = Debug|Any CPU
		{A2BBAEF3-871C-4250-AFA8-3B16E5D195BB}.Release|Any CPU.ActiveCfg = Release|Any CPU
		{A2BBAEF3-871C-4250-AFA8-3B16E5D195BB}.Release|Any CPU.Build.0 = Release|Any CPU
		{D84D6DCB-F57C-4FB0-862B-EAFC78731BEF}.Debug|Any CPU.ActiveCfg = Debug|Any CPU
		{D84D6DCB-F57C-4FB0-862B-EAFC78731BEF}.Debug|Any CPU.Build.0 = Debug|Any CPU
		{D84D6DCB-F57C-4FB0-862B-EAFC78731BEF}.Release|Any CPU.ActiveCfg = Release|Any CPU
		{D84D6DCB-F57C-4FB0-862B-EAFC78731BEF}.Release|Any CPU.Build.0 = Release|Any CPU
	EndGlobalSection
	GlobalSection(SolutionProperties) = preSolution
		HideSolutionNode = FALSE
	EndGlobalSection
	GlobalSection(ExtensibilityGlobals) = postSolution
		SolutionGuid = {B313C480-B59A-469D-ABBC-27A23E0B758F}
	EndGlobalSection
EndGlobal
